
Microsoft Visual Studio Solution File, Format Version 12.00
# Visual Studio Version 17
VisualStudioVersion = 17.9.34728.123
MinimumVisualStudioVersion = 10.0.40219.1
Project("{8BC9CEB8-8B4A-11D0-8D11-00A0C91BC942}") = "ConsoleApplication1", "ConsoleApplication1.vcxproj", "{E67788EB-94FC-4DF9-8EFC-A8862980D738}"
EndProject
Global
	GlobalSection(SolutionConfigurationPlatforms) = preSolution
		Debug|x64 = Debug|x64
		Debug|x86 = Debug|x86
		Release|x64 = Release|x64
		Release|x86 = Release|x86
	EndGlobalSection
	GlobalSection(ProjectConfigurationPlatforms) = postSolution
		{E67788EB-94FC-4DF9-8EFC-A8862980D738}.Debug|x64.ActiveCfg = Debug|x64
		{E67788EB-94FC-4DF9-8EFC-A8862980D738}.Debug|x64.Build.0 = Debug|x64
		{E67788EB-94FC-4DF9-8EFC-A8862980D738}.Debug|x86.ActiveCfg = Debug|Win32
		{E67788EB-94FC-4DF9-8EFC-A8862980D738}.Debug|x86.Build.0 = Debug|Win32
		{E67788EB-94FC-4DF9-8EFC-A8862980D738}.Release|x64.ActiveCfg = Release|x64
		{E67788EB-94FC-4DF9-8EFC-A8862980D738}.Release|x64.Build.0 = Release|x64
		{E67788EB-94FC-4DF9-8EFC-A8862980D738}.Release|x86.ActiveCfg = Release|Win32
		{E67788EB-94FC-4DF9-8EFC-A8862980D738}.Release|x86.Build.0 = Release|Win32
	EndGlobalSection
	GlobalSection(SolutionProperties) = preSolution
		HideSolutionNode = FALSE
	EndGlobalSection
	GlobalSection(ExtensibilityGlobals) = postSolution
		SolutionGuid = {EF68FC00-5DB2-465C-8F28-9856546E0D4C}
	EndGlobalSection
EndGlobal
